
Microsoft Visual Studio Solution File, Format Version 12.00
# Visual Studio Version 16
VisualStudioVersion = 16.0.31410.223
MinimumVisualStudioVersion = 10.0.40219.1
Project("{9A19103F-16F7-4668-BE54-9A1E7A4F7556}") = "ZigBee", "ZigBee\ZigBee.csproj", "{407C095C-0D1A-4F84-A03A-906DB542D79B}"
EndProject
Project("{9A19103F-16F7-4668-BE54-9A1E7A4F7556}") = "ZigBee.Common", "ZigBee.Common\ZigBee.Common.csproj", "{0CBC35C6-B821-46A9-BCF7-8D29C1AE5F11}"
EndProject
Project("{9A19103F-16F7-4668-BE54-9A1E7A4F7556}") = "WPFLocalizeextension", "WPFLocalizeextension\WPFLocalizeextension.csproj", "{230A1A31-1CB1-474F-91CE-E985939CB49C}"
EndProject
Project("{9A19103F-16F7-4668-BE54-9A1E7A4F7556}") = "DiagramsExtension", "DiagramsExtension\DiagramsExtension.csproj", "{B1ED29B6-DE70-4F26-95DE-AA3390C52930}"
EndProject
Project("{9A19103F-16F7-4668-BE54-9A1E7A4F7556}") = "ZigBee.Core", "ZigBee.Core\ZigBee.Core.csproj", "{35E05B58-3062-401D-9067-7148726A8F6A}"
EndProject
Project("{9A19103F-16F7-4668-BE54-9A1E7A4F7556}") = "ZigBee.digidotcom.xbee-csharp", "ZigBee.digidotcom.xbee-csharp\ZigBee.digidotcom.xbee-csharp.csproj", "{F8CC89AF-F3E3-41EB-9071-8D82EED9B074}"
EndProject
Project("{9A19103F-16F7-4668-BE54-9A1E7A4F7556}") = "ZigBee.Virtual", "ZigBee.Virtual\ZigBee.Virtual.csproj", "{C7230AE8-C493-4E2E-A4FC-EC9F52305CC5}"
EndProject
Project("{FAE04EC0-301F-11D3-BF4B-00C04F79EFBC}") = "ZigBee.Virtual.GUI", "ZigBee.Virtual.GUI\ZigBee.Virtual.GUI.csproj", "{35DFD984-1351-4B3B-8D2D-08F559619F47}"
EndProject
Project("{FAE04EC0-301F-11D3-BF4B-00C04F79EFBC}") = "ZigBee.Core.GUI", "ZigBee.Core.GUI\ZigBee.Core.GUI.csproj", "{54B9117B-E779-49F2-B672-82D2A20F0998}"
EndProject
Global
	GlobalSection(SolutionConfigurationPlatforms) = preSolution
		Debug|Any CPU = Debug|Any CPU
		Release|Any CPU = Release|Any CPU
	EndGlobalSection
	GlobalSection(ProjectConfigurationPlatforms) = postSolution
		{407C095C-0D1A-4F84-A03A-906DB542D79B}.Debug|Any CPU.ActiveCfg = Debug|Any CPU
		{407C095C-0D1A-4F84-A03A-906DB542D79B}.Debug|Any CPU.Build.0 = Debug|Any CPU
		{407C095C-0D1A-4F84-A03A-906DB542D79B}.Release|Any CPU.ActiveCfg = Release|Any CPU
		{407C095C-0D1A-4F84-A03A-906DB542D79B}.Release|Any CPU.Build.0 = Release|Any CPU
		{0CBC35C6-B821-46A9-BCF7-8D29C1AE5F11}.Debug|Any CPU.ActiveCfg = Debug|Any CPU
		{0CBC35C6-B821-46A9-BCF7-8D29C1AE5F11}.Debug|Any CPU.Build.0 = Debug|Any CPU
		{0CBC35C6-B821-46A9-BCF7-8D29C1AE5F11}.Release|Any CPU.ActiveCfg = Release|Any CPU
		{0CBC35C6-B821-46A9-BCF7-8D29C1AE5F11}.Release|Any CPU.Build.0 = Release|Any CPU
		{230A1A31-1CB1-474F-91CE-E985939CB49C}.Debug|Any CPU.ActiveCfg = Debug|Any CPU
		{230A1A31-1CB1-474F-91CE-E985939CB49C}.Debug|Any CPU.Build.0 = Debug|Any CPU
		{230A1A31-1CB1-474F-91CE-E985939CB49C}.Release|Any CPU.ActiveCfg = Release|Any CPU
		{230A1A31-1CB1-474F-91CE-E985939CB49C}.Release|Any CPU.Build.0 = Release|Any CPU
		{B1ED29B6-DE70-4F26-95DE-AA3390C52930}.Debug|Any CPU.ActiveCfg = Debug|Any CPU
		{B1ED29B6-DE70-4F26-95DE-AA3390C52930}.Debug|Any CPU.Build.0 = Debug|Any CPU
		{B1ED29B6-DE70-4F26-95DE-AA3390C52930}.Release|Any CPU.ActiveCfg = Release|Any CPU
		{B1ED29B6-DE70-4F26-95DE-AA3390C52930}.Release|Any CPU.Build.0 = Release|Any CPU
		{35E05B58-3062-401D-9067-7148726A8F6A}.Debug|Any CPU.ActiveCfg = Debug|Any CPU
		{35E05B58-3062-401D-9067-7148726A8F6A}.Debug|Any CPU.Build.0 = Debug|Any CPU
		{35E05B58-3062-401D-9067-7148726A8F6A}.Release|Any CPU.ActiveCfg = Release|Any CPU
		{35E05B58-3062-401D-9067-7148726A8F6A}.Release|Any CPU.Build.0 = Release|Any CPU
		{F8CC89AF-F3E3-41EB-9071-8D82EED9B074}.Debug|Any CPU.ActiveCfg = Debug|Any CPU
		{F8CC89AF-F3E3-41EB-9071-8D82EED9B074}.Debug|Any CPU.Build.0 = Debug|Any CPU
		{F8CC89AF-F3E3-41EB-9071-8D82EED9B074}.Release|Any CPU.ActiveCfg = Release|Any CPU
		{F8CC89AF-F3E3-41EB-9071-8D82EED9B074}.Release|Any CPU.Build.0 = Release|Any CPU
		{C7230AE8-C493-4E2E-A4FC-EC9F52305CC5}.Debug|Any CPU.ActiveCfg = Debug|Any CPU
		{C7230AE8-C493-4E2E-A4FC-EC9F52305CC5}.Debug|Any CPU.Build.0 = Debug|Any CPU
		{C7230AE8-C493-4E2E-A4FC-EC9F52305CC5}.Release|Any CPU.ActiveCfg = Release|Any CPU
		{C7230AE8-C493-4E2E-A4FC-EC9F52305CC5}.Release|Any CPU.Build.0 = Release|Any CPU
		{35DFD984-1351-4B3B-8D2D-08F559619F47}.Debug|Any CPU.ActiveCfg = Debug|Any CPU
		{35DFD984-1351-4B3B-8D2D-08F559619F47}.Debug|Any CPU.Build.0 = Debug|Any CPU
		{35DFD984-1351-4B3B-8D2D-08F559619F47}.Release|Any CPU.ActiveCfg = Release|Any CPU
		{35DFD984-1351-4B3B-8D2D-08F559619F47}.Release|Any CPU.Build.0 = Release|Any CPU
		{54B9117B-E779-49F2-B672-82D2A20F0998}.Debug|Any CPU.ActiveCfg = Debug|Any CPU
		{54B9117B-E779-49F2-B672-82D2A20F0998}.Debug|Any CPU.Build.0 = Debug|Any CPU
		{54B9117B-E779-49F2-B672-82D2A20F0998}.Release|Any CPU.ActiveCfg = Release|Any CPU
		{54B9117B-E779-49F2-B672-82D2A20F0998}.Release|Any CPU.Build.0 = Release|Any CPU
	EndGlobalSection
	GlobalSection(SolutionProperties) = preSolution
		HideSolutionNode = FALSE
	EndGlobalSection
	GlobalSection(ExtensibilityGlobals) = postSolution
		SolutionGuid = {1F4A2145-EEEA-4F10-911C-AA037861A949}
	EndGlobalSection
EndGlobal
