
Microsoft Visual Studio Solution File, Format Version 12.00
# Visual Studio Version 17
VisualStudioVersion = 17.1.32210.238
MinimumVisualStudioVersion = 10.0.40219.1
Project("{9A19103F-16F7-4668-BE54-9A1E7A4F7556}") = "ZigBee", "ZigBee\ZigBee.csproj", "{407C095C-0D1A-4F84-A03A-906DB542D79B}"
EndProject
Project("{9A19103F-16F7-4668-BE54-9A1E7A4F7556}") = "ZigBee.Common", "ZigBee.Common\ZigBee.Common.csproj", "{0CBC35C6-B821-46A9-BCF7-8D29C1AE5F11}"
EndProject
Project("{9A19103F-16F7-4668-BE54-9A1E7A4F7556}") = "WPFLocalizeextension", "WPFLocalizeextension\WPFLocalizeextension.csproj", "{230A1A31-1CB1-474F-91CE-E985939CB49C}"
EndProject
Project("{9A19103F-16F7-4668-BE54-9A1E7A4F7556}") = "DiagramsExtension", "DiagramsExtension\DiagramsExtension.csproj", "{B1ED29B6-DE70-4F26-95DE-AA3390C52930}"
EndProject
Project("{9A19103F-16F7-4668-BE54-9A1E7A4F7556}") = "ZigBee.Core", "ZigBee.Core\ZigBee.Core.csproj", "{35E05B58-3062-401D-9067-7148726A8F6A}"
EndProject
Project("{9A19103F-16F7-4668-BE54-9A1E7A4F7556}") = "ZigBee.Virtual", "ZigBee.Virtual\ZigBee.Virtual.csproj", "{C7230AE8-C493-4E2E-A4FC-EC9F52305CC5}"
EndProject
Project("{9A19103F-16F7-4668-BE54-9A1E7A4F7556}") = "ZigBee.Virtual.GUI", "ZigBee.Virtual.GUI\ZigBee.Virtual.GUI.csproj", "{439FC5A9-49D2-48FC-B136-097762C57A1D}"
EndProject
Project("{9A19103F-16F7-4668-BE54-9A1E7A4F7556}") = "ZigBee.Core.GUI", "ZigBee.Core.GUI\ZigBee.Core.GUI.csproj", "{7329BD04-6A70-465C-A7ED-93604778EBA3}"
EndProject
Project("{9A19103F-16F7-4668-BE54-9A1E7A4F7556}") = "ZigBee.Digi.GUI", "ZigBee.Digi.GUI\ZigBee.Digi.GUI.csproj", "{A710CCFD-FB87-48D9-8EDF-E00802E45889}"
EndProject
Project("{9A19103F-16F7-4668-BE54-9A1E7A4F7556}") = "ZigBee.Digi", "ZigBee.Digi\ZigBee.Digi.csproj", "{2F489C6F-5D3F-4A43-8313-CBA99CC5DE13}"
EndProject
Project("{FAE04EC0-301F-11D3-BF4B-00C04F79EFBC}") = "ZigBee.ZigBeeNet", "ZigBee.ZigBeeNet\ZigBee.ZigBeeNet.csproj", "{4075FF82-81D4-4369-8770-35D8FA577030}"
EndProject
Project("{FAE04EC0-301F-11D3-BF4B-00C04F79EFBC}") = "ZigBee.ZigBeeNet.GUI", "ZigBee.ZigBeeNet.GUI\ZigBee.ZigBeeNet.GUI.csproj", "{32957790-E985-47BC-8608-DB7A4411C3EB}"
EndProject
Global
	GlobalSection(SolutionConfigurationPlatforms) = preSolution
		Debug|Any CPU = Debug|Any CPU
		Release|Any CPU = Release|Any CPU
	EndGlobalSection
	GlobalSection(ProjectConfigurationPlatforms) = postSolution
		{407C095C-0D1A-4F84-A03A-906DB542D79B}.Debug|Any CPU.ActiveCfg = Debug|Any CPU
		{407C095C-0D1A-4F84-A03A-906DB542D79B}.Debug|Any CPU.Build.0 = Debug|Any CPU
		{407C095C-0D1A-4F84-A03A-906DB542D79B}.Release|Any CPU.ActiveCfg = Release|Any CPU
		{407C095C-0D1A-4F84-A03A-906DB542D79B}.Release|Any CPU.Build.0 = Release|Any CPU
		{0CBC35C6-B821-46A9-BCF7-8D29C1AE5F11}.Debug|Any CPU.ActiveCfg = Debug|Any CPU
		{0CBC35C6-B821-46A9-BCF7-8D29C1AE5F11}.Debug|Any CPU.Build.0 = Debug|Any CPU
		{0CBC35C6-B821-46A9-BCF7-8D29C1AE5F11}.Release|Any CPU.ActiveCfg = Release|Any CPU
		{0CBC35C6-B821-46A9-BCF7-8D29C1AE5F11}.Release|Any CPU.Build.0 = Release|Any CPU
		{230A1A31-1CB1-474F-91CE-E985939CB49C}.Debug|Any CPU.ActiveCfg = Debug|Any CPU
		{230A1A31-1CB1-474F-91CE-E985939CB49C}.Debug|Any CPU.Build.0 = Debug|Any CPU
		{230A1A31-1CB1-474F-91CE-E985939CB49C}.Release|Any CPU.ActiveCfg = Release|Any CPU
		{230A1A31-1CB1-474F-91CE-E985939CB49C}.Release|Any CPU.Build.0 = Release|Any CPU
		{B1ED29B6-DE70-4F26-95DE-AA3390C52930}.Debug|Any CPU.ActiveCfg = Debug|Any CPU
		{B1ED29B6-DE70-4F26-95DE-AA3390C52930}.Debug|Any CPU.Build.0 = Debug|Any CPU
		{B1ED29B6-DE70-4F26-95DE-AA3390C52930}.Release|Any CPU.ActiveCfg = Release|Any CPU
		{B1ED29B6-DE70-4F26-95DE-AA3390C52930}.Release|Any CPU.Build.0 = Release|Any CPU
		{35E05B58-3062-401D-9067-7148726A8F6A}.Debug|Any CPU.ActiveCfg = Debug|Any CPU
		{35E05B58-3062-401D-9067-7148726A8F6A}.Debug|Any CPU.Build.0 = Debug|Any CPU
		{35E05B58-3062-401D-9067-7148726A8F6A}.Release|Any CPU.ActiveCfg = Release|Any CPU
		{35E05B58-3062-401D-9067-7148726A8F6A}.Release|Any CPU.Build.0 = Release|Any CPU
		{C7230AE8-C493-4E2E-A4FC-EC9F52305CC5}.Debug|Any CPU.ActiveCfg = Debug|Any CPU
		{C7230AE8-C493-4E2E-A4FC-EC9F52305CC5}.Debug|Any CPU.Build.0 = Debug|Any CPU
		{C7230AE8-C493-4E2E-A4FC-EC9F52305CC5}.Release|Any CPU.ActiveCfg = Release|Any CPU
		{C7230AE8-C493-4E2E-A4FC-EC9F52305CC5}.Release|Any CPU.Build.0 = Release|Any CPU
		{439FC5A9-49D2-48FC-B136-097762C57A1D}.Debug|Any CPU.ActiveCfg = Debug|Any CPU
		{439FC5A9-49D2-48FC-B136-097762C57A1D}.Debug|Any CPU.Build.0 = Debug|Any CPU
		{439FC5A9-49D2-48FC-B136-097762C57A1D}.Release|Any CPU.ActiveCfg = Release|Any CPU
		{439FC5A9-49D2-48FC-B136-097762C57A1D}.Release|Any CPU.Build.0 = Release|Any CPU
		{7329BD04-6A70-465C-A7ED-93604778EBA3}.Debug|Any CPU.ActiveCfg = Debug|Any CPU
		{7329BD04-6A70-465C-A7ED-93604778EBA3}.Debug|Any CPU.Build.0 = Debug|Any CPU
		{7329BD04-6A70-465C-A7ED-93604778EBA3}.Release|Any CPU.ActiveCfg = Release|Any CPU
		{7329BD04-6A70-465C-A7ED-93604778EBA3}.Release|Any CPU.Build.0 = Release|Any CPU
		{A710CCFD-FB87-48D9-8EDF-E00802E45889}.Debug|Any CPU.ActiveCfg = Debug|Any CPU
		{A710CCFD-FB87-48D9-8EDF-E00802E45889}.Debug|Any CPU.Build.0 = Debug|Any CPU
		{A710CCFD-FB87-48D9-8EDF-E00802E45889}.Release|Any CPU.ActiveCfg = Release|Any CPU
		{A710CCFD-FB87-48D9-8EDF-E00802E45889}.Release|Any CPU.Build.0 = Release|Any CPU
		{2F489C6F-5D3F-4A43-8313-CBA99CC5DE13}.Debug|Any CPU.ActiveCfg = Debug|Any CPU
		{2F489C6F-5D3F-4A43-8313-CBA99CC5DE13}.Debug|Any CPU.Build.0 = Debug|Any CPU
		{2F489C6F-5D3F-4A43-8313-CBA99CC5DE13}.Release|Any CPU.ActiveCfg = Release|Any CPU
		{2F489C6F-5D3F-4A43-8313-CBA99CC5DE13}.Release|Any CPU.Build.0 = Release|Any CPU
		{4075FF82-81D4-4369-8770-35D8FA577030}.Debug|Any CPU.ActiveCfg = Debug|Any CPU
		{4075FF82-81D4-4369-8770-35D8FA577030}.Debug|Any CPU.Build.0 = Debug|Any CPU
		{4075FF82-81D4-4369-8770-35D8FA577030}.Release|Any CPU.ActiveCfg = Release|Any CPU
		{4075FF82-81D4-4369-8770-35D8FA577030}.Release|Any CPU.Build.0 = Release|Any CPU
		{32957790-E985-47BC-8608-DB7A4411C3EB}.Debug|Any CPU.ActiveCfg = Debug|Any CPU
		{32957790-E985-47BC-8608-DB7A4411C3EB}.Debug|Any CPU.Build.0 = Debug|Any CPU
		{32957790-E985-47BC-8608-DB7A4411C3EB}.Release|Any CPU.ActiveCfg = Release|Any CPU
		{32957790-E985-47BC-8608-DB7A4411C3EB}.Release|Any CPU.Build.0 = Release|Any CPU
	EndGlobalSection
	GlobalSection(SolutionProperties) = preSolution
		HideSolutionNode = FALSE
	EndGlobalSection
	GlobalSection(ExtensibilityGlobals) = postSolution
		SolutionGuid = {1F4A2145-EEEA-4F10-911C-AA037861A949}
	EndGlobalSection
EndGlobal
