
Microsoft Visual Studio Solution File, Format Version 12.00
# Visual Studio Version 17
VisualStudioVersion = 17.1.32210.238
MinimumVisualStudioVersion = 10.0.40219.1
Project("{9A19103F-16F7-4668-BE54-9A1E7A4F7556}") = "ZigBeeEndDeviceMonitor", "ZigBeeEndDeviceMonitor\ZigBeeEndDeviceMonitor.csproj", "{DD470D15-B30D-4FFC-AA49-FBCC059DD10D}"
EndProject
Project("{FAE04EC0-301F-11D3-BF4B-00C04F79EFBC}") = "SerialPortMonitor", "SerialPortMonitor\SerialPortMonitor.csproj", "{48DA5EAC-8C50-46D6-8D7C-3F82CDCC4EA5}"
EndProject
Project("{FAE04EC0-301F-11D3-BF4B-00C04F79EFBC}") = "ZigBeeEndDeviceMonitor.Test", "ZigBeeEndDeviceMonitor.Test\ZigBeeEndDeviceMonitor.Test.csproj", "{855EEB45-877E-4116-B8DC-88219FA452E8}"
EndProject
Project("{9A19103F-16F7-4668-BE54-9A1E7A4F7556}") = "NecBlik.Digi", "..\NecBlik.Digi\NecBlik.Digi.csproj", "{02BAC7E8-9FF3-42B2-8DD9-43E2C8FC0FA5}"
EndProject
Global
	GlobalSection(SolutionConfigurationPlatforms) = preSolution
		Debug|Any CPU = Debug|Any CPU
		Release|Any CPU = Release|Any CPU
	EndGlobalSection
	GlobalSection(ProjectConfigurationPlatforms) = postSolution
		{DD470D15-B30D-4FFC-AA49-FBCC059DD10D}.Debug|Any CPU.ActiveCfg = Debug|Any CPU
		{DD470D15-B30D-4FFC-AA49-FBCC059DD10D}.Debug|Any CPU.Build.0 = Debug|Any CPU
		{DD470D15-B30D-4FFC-AA49-FBCC059DD10D}.Release|Any CPU.ActiveCfg = Release|Any CPU
		{DD470D15-B30D-4FFC-AA49-FBCC059DD10D}.Release|Any CPU.Build.0 = Release|Any CPU
		{48DA5EAC-8C50-46D6-8D7C-3F82CDCC4EA5}.Debug|Any CPU.ActiveCfg = Debug|Any CPU
		{48DA5EAC-8C50-46D6-8D7C-3F82CDCC4EA5}.Debug|Any CPU.Build.0 = Debug|Any CPU
		{48DA5EAC-8C50-46D6-8D7C-3F82CDCC4EA5}.Release|Any CPU.ActiveCfg = Release|Any CPU
		{48DA5EAC-8C50-46D6-8D7C-3F82CDCC4EA5}.Release|Any CPU.Build.0 = Release|Any CPU
		{855EEB45-877E-4116-B8DC-88219FA452E8}.Debug|Any CPU.ActiveCfg = Debug|Any CPU
		{855EEB45-877E-4116-B8DC-88219FA452E8}.Debug|Any CPU.Build.0 = Debug|Any CPU
		{855EEB45-877E-4116-B8DC-88219FA452E8}.Release|Any CPU.ActiveCfg = Release|Any CPU
		{855EEB45-877E-4116-B8DC-88219FA452E8}.Release|Any CPU.Build.0 = Release|Any CPU
		{02BAC7E8-9FF3-42B2-8DD9-43E2C8FC0FA5}.Debug|Any CPU.ActiveCfg = Debug|Any CPU
		{02BAC7E8-9FF3-42B2-8DD9-43E2C8FC0FA5}.Debug|Any CPU.Build.0 = Debug|Any CPU
		{02BAC7E8-9FF3-42B2-8DD9-43E2C8FC0FA5}.Release|Any CPU.ActiveCfg = Release|Any CPU
		{02BAC7E8-9FF3-42B2-8DD9-43E2C8FC0FA5}.Release|Any CPU.Build.0 = Release|Any CPU
	EndGlobalSection
	GlobalSection(SolutionProperties) = preSolution
		HideSolutionNode = FALSE
	EndGlobalSection
	GlobalSection(ExtensibilityGlobals) = postSolution
		SolutionGuid = {2B374298-DC19-4F59-9B50-FD1A3DA01E3A}
	EndGlobalSection
EndGlobal
